
Microsoft Visual Studio Solution File, Format Version 12.00
# Visual Studio Version 17
VisualStudioVersion = 17.9.34723.18
MinimumVisualStudioVersion = 10.0.40219.1
Project("{9A19103F-16F7-4668-BE54-9A1E7A4F7556}") = "Application", "Application\Application.csproj", "{C8622308-7D3F-47E8-B1B4-5467A7C53EEB}"
EndProject
Project("{9A19103F-16F7-4668-BE54-9A1E7A4F7556}") = "Presentation", "Presentation\Presentation.csproj", "{9E286B9C-7C81-47EB-B4BA-34D2C9AB30ED}"
EndProject
Global
	GlobalSection(SolutionConfigurationPlatforms) = preSolution
		Debug|Any CPU = Debug|Any CPU
		Release|Any CPU = Release|Any CPU
	EndGlobalSection
	GlobalSection(ProjectConfigurationPlatforms) = postSolution
		{C8622308-7D3F-47E8-B1B4-5467A7C53EEB}.Debug|Any CPU.ActiveCfg = Debug|Any CPU
		{C8622308-7D3F-47E8-B1B4-5467A7C53EEB}.Debug|Any CPU.Build.0 = Debug|Any CPU
		{C8622308-7D3F-47E8-B1B4-5467A7C53EEB}.Release|Any CPU.ActiveCfg = Release|Any CPU
		{C8622308-7D3F-47E8-B1B4-5467A7C53EEB}.Release|Any CPU.Build.0 = Release|Any CPU
		{9E286B9C-7C81-47EB-B4BA-34D2C9AB30ED}.Debug|Any CPU.ActiveCfg = Debug|Any CPU
		{9E286B9C-7C81-47EB-B4BA-34D2C9AB30ED}.Debug|Any CPU.Build.0 = Debug|Any CPU
		{9E286B9C-7C81-47EB-B4BA-34D2C9AB30ED}.Release|Any CPU.ActiveCfg = Release|Any CPU
		{9E286B9C-7C81-47EB-B4BA-34D2C9AB30ED}.Release|Any CPU.Build.0 = Release|Any CPU
	EndGlobalSection
	GlobalSection(SolutionProperties) = preSolution
		HideSolutionNode = FALSE
	EndGlobalSection
	GlobalSection(ExtensibilityGlobals) = postSolution
		SolutionGuid = {338F535C-FD17-4518-9B45-67A7184CCD4A}
	EndGlobalSection
EndGlobal
