
Microsoft Visual Studio Solution File, Format Version 12.00
# Visual Studio Version 17
VisualStudioVersion = 17.7.34009.444
MinimumVisualStudioVersion = 10.0.40219.1
Project("{2150E333-8FDC-42A3-9474-1A3956D46DE8}") = "src", "src", "{36AE91F6-787D-467E-8C14-6AFCC8C55C3A}"
EndProject
Project("{2150E333-8FDC-42A3-9474-1A3956D46DE8}") = "API", "API", "{E2D9A3D9-4EB5-465F-A4C8-2CE102355319}"
EndProject
Project("{2150E333-8FDC-42A3-9474-1A3956D46DE8}") = "Core", "Core", "{37764863-1458-4EE6-9510-80162E06A04F}"
EndProject
Project("{2150E333-8FDC-42A3-9474-1A3956D46DE8}") = "Infrastructure", "Infrastructure", "{C8747660-80E0-40A7-BAE2-507C1588971D}"
EndProject
Project("{2150E333-8FDC-42A3-9474-1A3956D46DE8}") = "UI", "UI", "{0725EA7E-6D09-49C4-B72C-292E934BD4D5}"
EndProject
Project("{9A19103F-16F7-4668-BE54-9A1E7A4F7556}") = "Application", "Application\Application.csproj", "{88178D20-D15B-4B99-BFBB-835BD687ADA2}"
EndProject
Project("{9A19103F-16F7-4668-BE54-9A1E7A4F7556}") = "Domain", "Domain\Domain.csproj", "{FAB67466-4408-412D-B064-AF7423499591}"
EndProject
Project("{9A19103F-16F7-4668-BE54-9A1E7A4F7556}") = "Persistence", "Persistence\Persistence.csproj", "{9E57D31F-D318-430D-BC57-4C6ECB766174}"
EndProject
Project("{9A19103F-16F7-4668-BE54-9A1E7A4F7556}") = "Infrastructure", "Infrastructure\Infrastructure.csproj", "{B8B17764-47D8-434D-A65C-88AE71BBDA4F}"
EndProject
Project("{9A19103F-16F7-4668-BE54-9A1E7A4F7556}") = "Api", "Api\Api.csproj", "{59632870-7EA3-4F1F-86BD-FF85F37C091F}"
EndProject
Project("{9A19103F-16F7-4668-BE54-9A1E7A4F7556}") = "Web", "Web\Web.csproj", "{585923BB-132D-46BE-A9A4-4847583EF7BC}"
EndProject
Project("{2150E333-8FDC-42A3-9474-1A3956D46DE8}") = "test", "test", "{0EC76978-297B-4641-8441-984C709C65C7}"
EndProject
Project("{FAE04EC0-301F-11D3-BF4B-00C04F79EFBC}") = "Api.Test", "Api.Test\Api.Test.csproj", "{A6DFB993-08DF-4CFC-86A6-003C5428856D}"
EndProject
Global
	GlobalSection(SolutionConfigurationPlatforms) = preSolution
		Debug|Any CPU = Debug|Any CPU
		Release|Any CPU = Release|Any CPU
	EndGlobalSection
	GlobalSection(ProjectConfigurationPlatforms) = postSolution
		{88178D20-D15B-4B99-BFBB-835BD687ADA2}.Debug|Any CPU.ActiveCfg = Debug|Any CPU
		{88178D20-D15B-4B99-BFBB-835BD687ADA2}.Debug|Any CPU.Build.0 = Debug|Any CPU
		{88178D20-D15B-4B99-BFBB-835BD687ADA2}.Release|Any CPU.ActiveCfg = Release|Any CPU
		{88178D20-D15B-4B99-BFBB-835BD687ADA2}.Release|Any CPU.Build.0 = Release|Any CPU
		{FAB67466-4408-412D-B064-AF7423499591}.Debug|Any CPU.ActiveCfg = Debug|Any CPU
		{FAB67466-4408-412D-B064-AF7423499591}.Debug|Any CPU.Build.0 = Debug|Any CPU
		{FAB67466-4408-412D-B064-AF7423499591}.Release|Any CPU.ActiveCfg = Release|Any CPU
		{FAB67466-4408-412D-B064-AF7423499591}.Release|Any CPU.Build.0 = Release|Any CPU
		{9E57D31F-D318-430D-BC57-4C6ECB766174}.Debug|Any CPU.ActiveCfg = Debug|Any CPU
		{9E57D31F-D318-430D-BC57-4C6ECB766174}.Debug|Any CPU.Build.0 = Debug|Any CPU
		{9E57D31F-D318-430D-BC57-4C6ECB766174}.Release|Any CPU.ActiveCfg = Release|Any CPU
		{9E57D31F-D318-430D-BC57-4C6ECB766174}.Release|Any CPU.Build.0 = Release|Any CPU
		{B8B17764-47D8-434D-A65C-88AE71BBDA4F}.Debug|Any CPU.ActiveCfg = Debug|Any CPU
		{B8B17764-47D8-434D-A65C-88AE71BBDA4F}.Debug|Any CPU.Build.0 = Debug|Any CPU
		{B8B17764-47D8-434D-A65C-88AE71BBDA4F}.Release|Any CPU.ActiveCfg = Release|Any CPU
		{B8B17764-47D8-434D-A65C-88AE71BBDA4F}.Release|Any CPU.Build.0 = Release|Any CPU
		{59632870-7EA3-4F1F-86BD-FF85F37C091F}.Debug|Any CPU.ActiveCfg = Debug|Any CPU
		{59632870-7EA3-4F1F-86BD-FF85F37C091F}.Debug|Any CPU.Build.0 = Debug|Any CPU
		{59632870-7EA3-4F1F-86BD-FF85F37C091F}.Release|Any CPU.ActiveCfg = Release|Any CPU
		{59632870-7EA3-4F1F-86BD-FF85F37C091F}.Release|Any CPU.Build.0 = Release|Any CPU
		{585923BB-132D-46BE-A9A4-4847583EF7BC}.Debug|Any CPU.ActiveCfg = Debug|Any CPU
		{585923BB-132D-46BE-A9A4-4847583EF7BC}.Debug|Any CPU.Build.0 = Debug|Any CPU
		{585923BB-132D-46BE-A9A4-4847583EF7BC}.Release|Any CPU.ActiveCfg = Release|Any CPU
		{585923BB-132D-46BE-A9A4-4847583EF7BC}.Release|Any CPU.Build.0 = Release|Any CPU
		{A6DFB993-08DF-4CFC-86A6-003C5428856D}.Debug|Any CPU.ActiveCfg = Debug|Any CPU
		{A6DFB993-08DF-4CFC-86A6-003C5428856D}.Debug|Any CPU.Build.0 = Debug|Any CPU
		{A6DFB993-08DF-4CFC-86A6-003C5428856D}.Release|Any CPU.ActiveCfg = Release|Any CPU
		{A6DFB993-08DF-4CFC-86A6-003C5428856D}.Release|Any CPU.Build.0 = Release|Any CPU
	EndGlobalSection
	GlobalSection(SolutionProperties) = preSolution
		HideSolutionNode = FALSE
	EndGlobalSection
	GlobalSection(NestedProjects) = preSolution
		{E2D9A3D9-4EB5-465F-A4C8-2CE102355319} = {36AE91F6-787D-467E-8C14-6AFCC8C55C3A}
		{37764863-1458-4EE6-9510-80162E06A04F} = {36AE91F6-787D-467E-8C14-6AFCC8C55C3A}
		{C8747660-80E0-40A7-BAE2-507C1588971D} = {36AE91F6-787D-467E-8C14-6AFCC8C55C3A}
		{0725EA7E-6D09-49C4-B72C-292E934BD4D5} = {36AE91F6-787D-467E-8C14-6AFCC8C55C3A}
		{88178D20-D15B-4B99-BFBB-835BD687ADA2} = {37764863-1458-4EE6-9510-80162E06A04F}
		{FAB67466-4408-412D-B064-AF7423499591} = {37764863-1458-4EE6-9510-80162E06A04F}
		{9E57D31F-D318-430D-BC57-4C6ECB766174} = {C8747660-80E0-40A7-BAE2-507C1588971D}
		{B8B17764-47D8-434D-A65C-88AE71BBDA4F} = {C8747660-80E0-40A7-BAE2-507C1588971D}
		{59632870-7EA3-4F1F-86BD-FF85F37C091F} = {E2D9A3D9-4EB5-465F-A4C8-2CE102355319}
		{585923BB-132D-46BE-A9A4-4847583EF7BC} = {0725EA7E-6D09-49C4-B72C-292E934BD4D5}
		{A6DFB993-08DF-4CFC-86A6-003C5428856D} = {0EC76978-297B-4641-8441-984C709C65C7}
	EndGlobalSection
	GlobalSection(ExtensibilityGlobals) = postSolution
		SolutionGuid = {D5D5ACFD-FACB-4A24-9B57-E59F69D84D5E}
	EndGlobalSection
EndGlobal
